// !$*UTF8*$!
{
	archiveVersion = 1;
	classes = {
	};
	objectVersion = 56;
	objects = {

/* Begin PBXBuildFile section */
		4500DC2929C2F22B00E745D1 /* LaunchAtLogin in Frameworks */ = {isa = PBXBuildFile; productRef = 4500DC2829C2F22B00E745D1 /* LaunchAtLogin */; };
		452292ED29C8B10900B291DE /* jerry.gif in Resources */ = {isa = PBXBuildFile; fileRef = 452292E429C8B10900B291DE /* jerry.gif */; };
		452292EE29C8B10900B291DE /* cat2.gif in Resources */ = {isa = PBXBuildFile; fileRef = 452292E529C8B10900B291DE /* cat2.gif */; };
		452292EF29C8B10900B291DE /* color_worm.gif in Resources */ = {isa = PBXBuildFile; fileRef = 452292E629C8B10900B291DE /* color_worm.gif */; };
		452292F029C8B10900B291DE /* hoshiguma.gif in Resources */ = {isa = PBXBuildFile; fileRef = 452292E729C8B10900B291DE /* hoshiguma.gif */; };
		452292F129C8B10900B291DE /* baby_circle.gif in Resources */ = {isa = PBXBuildFile; fileRef = 452292E829C8B10900B291DE /* baby_circle.gif */; };
		452292F229C8B10900B291DE /* cat3.gif in Resources */ = {isa = PBXBuildFile; fileRef = 452292E929C8B10900B291DE /* cat3.gif */; };
		452292F329C8B10900B291DE /* 3body.gif in Resources */ = {isa = PBXBuildFile; fileRef = 452292EA29C8B10900B291DE /* 3body.gif */; };
		452292F429C8B10900B291DE /* my0.gif in Resources */ = {isa = PBXBuildFile; fileRef = 452292EB29C8B10900B291DE /* my0.gif */; };
		452292F529C8B10900B291DE /* everonecat0.gif in Resources */ = {isa = PBXBuildFile; fileRef = 452292EC29C8B10900B291DE /* everonecat0.gif */; };
		4530F018299E9D910056556E /* ZhiYins.xcdatamodeld in Sources */ = {isa = PBXBuildFile; fileRef = 4530F016299E9D910056556E /* ZhiYins.xcdatamodeld */; };
		458BE93B299F4CB300CC2D4B /* Persistence.swift in Sources */ = {isa = PBXBuildFile; fileRef = 458BE93A299F4CB300CC2D4B /* Persistence.swift */; };
		458BE93D299F67DF00CC2D4B /* txbb.gif in Resources */ = {isa = PBXBuildFile; fileRef = 458BE93C299F67DF00CC2D4B /* txbb.gif */; };
		458BE94129A1101200CC2D4B /* Utils.swift in Sources */ = {isa = PBXBuildFile; fileRef = 458BE94029A1101200CC2D4B /* Utils.swift */; };
		45A3125A29AD35490069F735 /* pink_cat.gif in Resources */ = {isa = PBXBuildFile; fileRef = 45A3125329AD35490069F735 /* pink_cat.gif */; };
		45A3125B29AD35490069F735 /* xiaolan_turn.gif in Resources */ = {isa = PBXBuildFile; fileRef = 45A3125429AD35490069F735 /* xiaolan_turn.gif */; };
		45A3125C29AD35490069F735 /* big_mouse_frog.gif in Resources */ = {isa = PBXBuildFile; fileRef = 45A3125529AD35490069F735 /* big_mouse_frog.gif */; };
		45A3125D29AD35490069F735 /* gojo_satoru.gif in Resources */ = {isa = PBXBuildFile; fileRef = 45A3125629AD35490069F735 /* gojo_satoru.gif */; };
		45A3125E29AD35490069F735 /* cat.gif in Resources */ = {isa = PBXBuildFile; fileRef = 45A3125729AD35490069F735 /* cat.gif */; };
		45A3125F29AD35490069F735 /* mongmong.gif in Resources */ = {isa = PBXBuildFile; fileRef = 45A3125829AD35490069F735 /* mongmong.gif */; };
		45A3126029AD35490069F735 /* karby.gif in Resources */ = {isa = PBXBuildFile; fileRef = 45A3125929AD35490069F735 /* karby.gif */; };
		45A3126429AD3A800069F735 /* zhiyin.gif in Resources */ = {isa = PBXBuildFile; fileRef = 45A3126329AD3A800069F735 /* zhiyin.gif */; };
		45A3126629AD42080069F735 /* zhiyin_basketball.gif in Resources */ = {isa = PBXBuildFile; fileRef = 45A3126529AD42080069F735 /* zhiyin_basketball.gif */; };
		45E8EA262974541E000D163E /* SettingsView.swift in Sources */ = {isa = PBXBuildFile; fileRef = 45E8EA252974541E000D163E /* SettingsView.swift */; };
		D828C8DA296C25930017BF51 /* 🐔App.swift in Sources */ = {isa = PBXBuildFile; fileRef = D828C8D9296C25930017BF51 /* 🐔App.swift */; };
		D828C8DE296C25940017BF51 /* Assets.xcassets in Resources */ = {isa = PBXBuildFile; fileRef = D828C8DD296C25940017BF51 /* Assets.xcassets */; };
		D828C8E1296C25940017BF51 /* Preview Assets.xcassets in Resources */ = {isa = PBXBuildFile; fileRef = D828C8E0296C25940017BF51 /* Preview Assets.xcassets */; };
		D83C2A18296C860900697CA3 /* 🐔View.swift in Sources */ = {isa = PBXBuildFile; fileRef = D83C2A17296C860900697CA3 /* 🐔View.swift */; };
		D83C2A1A296C863500697CA3 /* CpuUsage.swift in Sources */ = {isa = PBXBuildFile; fileRef = D83C2A19296C863500697CA3 /* CpuUsage.swift */; };
/* End PBXBuildFile section */

/* Begin PBXFileReference section */
		452292E329C8A2D200B291DE /* ee6a64c447a84c7ec46fbc467ad0fec5.gif */ = {isa = PBXFileReference; lastKnownFileType = image.gif; name = ee6a64c447a84c7ec46fbc467ad0fec5.gif; path = "../../../ZhiYin/refs/img-srcs/origin/ee6a64c447a84c7ec46fbc467ad0fec5.gif"; sourceTree = "<group>"; };
		452292E429C8B10900B291DE /* jerry.gif */ = {isa = PBXFileReference; lastKnownFileType = image.gif; path = jerry.gif; sourceTree = "<group>"; };
		452292E529C8B10900B291DE /* cat2.gif */ = {isa = PBXFileReference; lastKnownFileType = image.gif; path = cat2.gif; sourceTree = "<group>"; };
		452292E629C8B10900B291DE /* color_worm.gif */ = {isa = PBXFileReference; lastKnownFileType = image.gif; path = color_worm.gif; sourceTree = "<group>"; };
		452292E729C8B10900B291DE /* hoshiguma.gif */ = {isa = PBXFileReference; lastKnownFileType = image.gif; path = hoshiguma.gif; sourceTree = "<group>"; };
		452292E829C8B10900B291DE /* baby_circle.gif */ = {isa = PBXFileReference; lastKnownFileType = image.gif; path = baby_circle.gif; sourceTree = "<group>"; };
		452292E929C8B10900B291DE /* cat3.gif */ = {isa = PBXFileReference; lastKnownFileType = image.gif; path = cat3.gif; sourceTree = "<group>"; };
		452292EA29C8B10900B291DE /* 3body.gif */ = {isa = PBXFileReference; lastKnownFileType = image.gif; path = 3body.gif; sourceTree = "<group>"; };
		452292EB29C8B10900B291DE /* my0.gif */ = {isa = PBXFileReference; lastKnownFileType = image.gif; path = my0.gif; sourceTree = "<group>"; };
		452292EC29C8B10900B291DE /* everonecat0.gif */ = {isa = PBXFileReference; lastKnownFileType = image.gif; path = everonecat0.gif; sourceTree = "<group>"; };
		4530F017299E9D910056556E /* ZhiYins.xcdatamodel */ = {isa = PBXFileReference; lastKnownFileType = wrapper.xcdatamodel; path = ZhiYins.xcdatamodel; sourceTree = "<group>"; };
		4582822929BDFC2600AAFB7B /* README.md */ = {isa = PBXFileReference; lastKnownFileType = net.daringfireball.markdown; path = README.md; sourceTree = "<group>"; };
		4582822A29BE07FF00AAFB7B /* LICENSE */ = {isa = PBXFileReference; lastKnownFileType = text; path = LICENSE; sourceTree = "<group>"; };
		458BE93A299F4CB300CC2D4B /* Persistence.swift */ = {isa = PBXFileReference; lastKnownFileType = sourcecode.swift; path = Persistence.swift; sourceTree = "<group>"; };
		458BE93C299F67DF00CC2D4B /* txbb.gif */ = {isa = PBXFileReference; lastKnownFileType = image.gif; name = txbb.gif; path = ZhiYin/DefaultGIF/txbb.gif; sourceTree = SOURCE_ROOT; };
		458BE94029A1101200CC2D4B /* Utils.swift */ = {isa = PBXFileReference; lastKnownFileType = sourcecode.swift; path = Utils.swift; sourceTree = "<group>"; };
		45A3125329AD35490069F735 /* pink_cat.gif */ = {isa = PBXFileReference; lastKnownFileType = image.gif; path = pink_cat.gif; sourceTree = "<group>"; };
		45A3125429AD35490069F735 /* xiaolan_turn.gif */ = {isa = PBXFileReference; lastKnownFileType = image.gif; path = xiaolan_turn.gif; sourceTree = "<group>"; };
		45A3125529AD35490069F735 /* big_mouse_frog.gif */ = {isa = PBXFileReference; lastKnownFileType = image.gif; path = big_mouse_frog.gif; sourceTree = "<group>"; };
		45A3125629AD35490069F735 /* gojo_satoru.gif */ = {isa = PBXFileReference; lastKnownFileType = image.gif; path = gojo_satoru.gif; sourceTree = "<group>"; };
		45A3125729AD35490069F735 /* cat.gif */ = {isa = PBXFileReference; lastKnownFileType = image.gif; path = cat.gif; sourceTree = "<group>"; };
		45A3125829AD35490069F735 /* mongmong.gif */ = {isa = PBXFileReference; lastKnownFileType = image.gif; path = mongmong.gif; sourceTree = "<group>"; };
		45A3125929AD35490069F735 /* karby.gif */ = {isa = PBXFileReference; lastKnownFileType = image.gif; path = karby.gif; sourceTree = "<group>"; };
		45A3126329AD3A800069F735 /* zhiyin.gif */ = {isa = PBXFileReference; lastKnownFileType = image.gif; path = zhiyin.gif; sourceTree = "<group>"; };
		45A3126529AD42080069F735 /* zhiyin_basketball.gif */ = {isa = PBXFileReference; lastKnownFileType = image.gif; path = zhiyin_basketball.gif; sourceTree = "<group>"; };
		45E8EA252974541E000D163E /* SettingsView.swift */ = {isa = PBXFileReference; lastKnownFileType = sourcecode.swift; path = SettingsView.swift; sourceTree = "<group>"; };
		D828C8D6296C25930017BF51 /* BuZhiYin.app */ = {isa = PBXFileReference; explicitFileType = wrapper.application; includeInIndex = 0; path = BuZhiYin.app; sourceTree = BUILT_PRODUCTS_DIR; };
		D828C8D9296C25930017BF51 /* 🐔App.swift */ = {isa = PBXFileReference; lastKnownFileType = sourcecode.swift; path = "🐔App.swift"; sourceTree = "<group>"; };
		D828C8DD296C25940017BF51 /* Assets.xcassets */ = {isa = PBXFileReference; lastKnownFileType = folder.assetcatalog; path = Assets.xcassets; sourceTree = "<group>"; };
		D828C8E0296C25940017BF51 /* Preview Assets.xcassets */ = {isa = PBXFileReference; lastKnownFileType = folder.assetcatalog; path = "Preview Assets.xcassets"; sourceTree = "<group>"; };
		D828C8E2296C25940017BF51 /* ZhiYin.entitlements */ = {isa = PBXFileReference; lastKnownFileType = text.plist.entitlements; path = ZhiYin.entitlements; sourceTree = "<group>"; };
		D83C2A17296C860900697CA3 /* 🐔View.swift */ = {isa = PBXFileReference; lastKnownFileType = sourcecode.swift; path = "🐔View.swift"; sourceTree = "<group>"; };
		D83C2A19296C863500697CA3 /* CpuUsage.swift */ = {isa = PBXFileReference; lastKnownFileType = sourcecode.swift; path = CpuUsage.swift; sourceTree = "<group>"; };
/* End PBXFileReference section */

/* Begin PBXFrameworksBuildPhase section */
		D828C8D3296C25930017BF51 /* Frameworks */ = {
			isa = PBXFrameworksBuildPhase;
			buildActionMask = 2147483647;
			files = (
				4500DC2929C2F22B00E745D1 /* LaunchAtLogin in Frameworks */,
			);
			runOnlyForDeploymentPostprocessing = 0;
		};
/* End PBXFrameworksBuildPhase section */

/* Begin PBXGroup section */
		4530F019299E9D990056556E /* Persistence */ = {
			isa = PBXGroup;
			children = (
				4530F016299E9D910056556E /* ZhiYins.xcdatamodeld */,
				458BE93A299F4CB300CC2D4B /* Persistence.swift */,
			);
			path = Persistence;
			sourceTree = "<group>";
		};
		458BE94229A1101A00CC2D4B /* Utils */ = {
			isa = PBXGroup;
			children = (
				458BE94029A1101200CC2D4B /* Utils.swift */,
			);
			path = Utils;
			sourceTree = "<group>";
		};
		45A3126129AD366C0069F735 /* DefaultGIF */ = {
			isa = PBXGroup;
			children = (
				452292EA29C8B10900B291DE /* 3body.gif */,
				452292E829C8B10900B291DE /* baby_circle.gif */,
				452292E529C8B10900B291DE /* cat2.gif */,
				452292E929C8B10900B291DE /* cat3.gif */,
				452292E629C8B10900B291DE /* color_worm.gif */,
				452292EC29C8B10900B291DE /* everonecat0.gif */,
				452292E729C8B10900B291DE /* hoshiguma.gif */,
				452292E429C8B10900B291DE /* jerry.gif */,
				452292EB29C8B10900B291DE /* my0.gif */,
				45A3126529AD42080069F735 /* zhiyin_basketball.gif */,
				45A3126329AD3A800069F735 /* zhiyin.gif */,
				45A3125529AD35490069F735 /* big_mouse_frog.gif */,
				45A3125729AD35490069F735 /* cat.gif */,
				45A3125629AD35490069F735 /* gojo_satoru.gif */,
				45A3125929AD35490069F735 /* karby.gif */,
				452292E329C8A2D200B291DE /* ee6a64c447a84c7ec46fbc467ad0fec5.gif */,
				45A3125329AD35490069F735 /* pink_cat.gif */,
				45A3125829AD35490069F735 /* mongmong.gif */,
				45A3125429AD35490069F735 /* xiaolan_turn.gif */,
				458BE93C299F67DF00CC2D4B /* txbb.gif */,
			);
			path = DefaultGIF;
			sourceTree = "<group>";
		};
		D828C8CD296C25920017BF51 = {
			isa = PBXGroup;
			children = (
				4582822A29BE07FF00AAFB7B /* LICENSE */,
				4582822929BDFC2600AAFB7B /* README.md */,
				458BE94229A1101A00CC2D4B /* Utils */,
				4530F019299E9D990056556E /* Persistence */,
				D828C8D8296C25930017BF51 /* ZhiYin */,
				D828C8D7296C25930017BF51 /* Products */,
			);
			sourceTree = "<group>";
		};
		D828C8D7296C25930017BF51 /* Products */ = {
			isa = PBXGroup;
			children = (
				D828C8D6296C25930017BF51 /* BuZhiYin.app */,
			);
			name = Products;
			sourceTree = "<group>";
		};
		D828C8D8296C25930017BF51 /* ZhiYin */ = {
			isa = PBXGroup;
			children = (
				45A3126129AD366C0069F735 /* DefaultGIF */,
				45E8EA252974541E000D163E /* SettingsView.swift */,
				D83C2A19296C863500697CA3 /* CpuUsage.swift */,
				D828C8D9296C25930017BF51 /* 🐔App.swift */,
				D83C2A17296C860900697CA3 /* 🐔View.swift */,
				D828C8DD296C25940017BF51 /* Assets.xcassets */,
				D828C8E2296C25940017BF51 /* ZhiYin.entitlements */,
				D828C8DF296C25940017BF51 /* Preview Content */,
			);
			path = ZhiYin;
			sourceTree = "<group>";
		};
		D828C8DF296C25940017BF51 /* Preview Content */ = {
			isa = PBXGroup;
			children = (
				D828C8E0296C25940017BF51 /* Preview Assets.xcassets */,
			);
			path = "Preview Content";
			sourceTree = "<group>";
		};
/* End PBXGroup section */

/* Begin PBXNativeTarget section */
		D828C8D5296C25930017BF51 /* BuZhiYin */ = {
			isa = PBXNativeTarget;
			buildConfigurationList = D828C8E5296C25940017BF51 /* Build configuration list for PBXNativeTarget "BuZhiYin" */;
			buildPhases = (
				D828C8D2296C25930017BF51 /* Sources */,
				D828C8D3296C25930017BF51 /* Frameworks */,
				D828C8D4296C25930017BF51 /* Resources */,
			);
			buildRules = (
			);
			dependencies = (
			);
			name = BuZhiYin;
			packageProductDependencies = (
				4500DC2829C2F22B00E745D1 /* LaunchAtLogin */,
			);
			productName = ZhiYin;
			productReference = D828C8D6296C25930017BF51 /* BuZhiYin.app */;
			productType = "com.apple.product-type.application";
		};
/* End PBXNativeTarget section */

/* Begin PBXProject section */
		D828C8CE296C25920017BF51 /* Project object */ = {
			isa = PBXProject;
			attributes = {
				BuildIndependentTargetsInParallel = 1;
				LastSwiftUpdateCheck = 1410;
				LastUpgradeCheck = 1420;
				TargetAttributes = {
					D828C8D5296C25930017BF51 = {
						CreatedOnToolsVersion = 14.1;
					};
				};
			};
			buildConfigurationList = D828C8D1296C25920017BF51 /* Build configuration list for PBXProject "BuZhiYin" */;
			compatibilityVersion = "Xcode 14.0";
			developmentRegion = en;
			hasScannedForEncodings = 0;
			knownRegions = (
				en,
				Base,
			);
			mainGroup = D828C8CD296C25920017BF51;
			packageReferences = (
				4500DC2729C2F22B00E745D1 /* XCRemoteSwiftPackageReference "LaunchAtLogin" */,
			);
			productRefGroup = D828C8D7296C25930017BF51 /* Products */;
			projectDirPath = "";
			projectRoot = "";
			targets = (
				D828C8D5296C25930017BF51 /* BuZhiYin */,
			);
		};
/* End PBXProject section */

/* Begin PBXResourcesBuildPhase section */
		D828C8D4296C25930017BF51 /* Resources */ = {
			isa = PBXResourcesBuildPhase;
			buildActionMask = 2147483647;
			files = (
				D828C8E1296C25940017BF51 /* Preview Assets.xcassets in Resources */,
				452292F529C8B10900B291DE /* everonecat0.gif in Resources */,
				452292F329C8B10900B291DE /* 3body.gif in Resources */,
				45A3125A29AD35490069F735 /* pink_cat.gif in Resources */,
				45A3126029AD35490069F735 /* karby.gif in Resources */,
				45A3125B29AD35490069F735 /* xiaolan_turn.gif in Resources */,
				45A3125E29AD35490069F735 /* cat.gif in Resources */,
				45A3126429AD3A800069F735 /* zhiyin.gif in Resources */,
				452292F029C8B10900B291DE /* hoshiguma.gif in Resources */,
				452292F229C8B10900B291DE /* cat3.gif in Resources */,
				452292F129C8B10900B291DE /* baby_circle.gif in Resources */,
				45A3125F29AD35490069F735 /* mongmong.gif in Resources */,
				452292EF29C8B10900B291DE /* color_worm.gif in Resources */,
				452292ED29C8B10900B291DE /* jerry.gif in Resources */,
				458BE93D299F67DF00CC2D4B /* txbb.gif in Resources */,
				45A3126629AD42080069F735 /* zhiyin_basketball.gif in Resources */,
				45A3125D29AD35490069F735 /* gojo_satoru.gif in Resources */,
				D828C8DE296C25940017BF51 /* Assets.xcassets in Resources */,
				452292F429C8B10900B291DE /* my0.gif in Resources */,
				452292EE29C8B10900B291DE /* cat2.gif in Resources */,
				45A3125C29AD35490069F735 /* big_mouse_frog.gif in Resources */,
			);
			runOnlyForDeploymentPostprocessing = 0;
		};
/* End PBXResourcesBuildPhase section */

/* Begin PBXSourcesBuildPhase section */
		D828C8D2296C25930017BF51 /* Sources */ = {
			isa = PBXSourcesBuildPhase;
			buildActionMask = 2147483647;
			files = (
				D828C8DA296C25930017BF51 /* 🐔App.swift in Sources */,
				45E8EA262974541E000D163E /* SettingsView.swift in Sources */,
				4530F018299E9D910056556E /* ZhiYins.xcdatamodeld in Sources */,
				458BE94129A1101200CC2D4B /* Utils.swift in Sources */,
				458BE93B299F4CB300CC2D4B /* Persistence.swift in Sources */,
				D83C2A1A296C863500697CA3 /* CpuUsage.swift in Sources */,
				D83C2A18296C860900697CA3 /* 🐔View.swift in Sources */,
			);
			runOnlyForDeploymentPostprocessing = 0;
		};
/* End PBXSourcesBuildPhase section */

/* Begin XCBuildConfiguration section */
		D828C8E3296C25940017BF51 /* Debug */ = {
			isa = XCBuildConfiguration;
			buildSettings = {
				ALWAYS_SEARCH_USER_PATHS = NO;
				CLANG_ANALYZER_NONNULL = YES;
				CLANG_ANALYZER_NUMBER_OBJECT_CONVERSION = YES_AGGRESSIVE;
				CLANG_CXX_LANGUAGE_STANDARD = "gnu++20";
				CLANG_ENABLE_MODULES = YES;
				CLANG_ENABLE_OBJC_ARC = YES;
				CLANG_ENABLE_OBJC_WEAK = YES;
				CLANG_WARN_BLOCK_CAPTURE_AUTORELEASING = YES;
				CLANG_WARN_BOOL_CONVERSION = YES;
				CLANG_WARN_COMMA = YES;
				CLANG_WARN_CONSTANT_CONVERSION = YES;
				CLANG_WARN_DEPRECATED_OBJC_IMPLEMENTATIONS = YES;
				CLANG_WARN_DIRECT_OBJC_ISA_USAGE = YES_ERROR;
				CLANG_WARN_DOCUMENTATION_COMMENTS = YES;
				CLANG_WARN_EMPTY_BODY = YES;
				CLANG_WARN_ENUM_CONVERSION = YES;
				CLANG_WARN_INFINITE_RECURSION = YES;
				CLANG_WARN_INT_CONVERSION = YES;
				CLANG_WARN_NON_LITERAL_NULL_CONVERSION = YES;
				CLANG_WARN_OBJC_IMPLICIT_RETAIN_SELF = YES;
				CLANG_WARN_OBJC_LITERAL_CONVERSION = YES;
				CLANG_WARN_OBJC_ROOT_CLASS = YES_ERROR;
				CLANG_WARN_QUOTED_INCLUDE_IN_FRAMEWORK_HEADER = YES;
				CLANG_WARN_RANGE_LOOP_ANALYSIS = YES;
				CLANG_WARN_STRICT_PROTOTYPES = YES;
				CLANG_WARN_SUSPICIOUS_MOVE = YES;
				CLANG_WARN_UNGUARDED_AVAILABILITY = YES_AGGRESSIVE;
				CLANG_WARN_UNREACHABLE_CODE = YES;
				CLANG_WARN__DUPLICATE_METHOD_MATCH = YES;
				COPY_PHASE_STRIP = NO;
				DEAD_CODE_STRIPPING = YES;
				DEBUG_INFORMATION_FORMAT = dwarf;
				ENABLE_STRICT_OBJC_MSGSEND = YES;
				ENABLE_TESTABILITY = YES;
				GCC_C_LANGUAGE_STANDARD = gnu11;
				GCC_DYNAMIC_NO_PIC = NO;
				GCC_NO_COMMON_BLOCKS = YES;
				GCC_OPTIMIZATION_LEVEL = 0;
				GCC_PREPROCESSOR_DEFINITIONS = (
					"DEBUG=1",
					"$(inherited)",
				);
				GCC_WARN_64_TO_32_BIT_CONVERSION = YES;
				GCC_WARN_ABOUT_RETURN_TYPE = YES_ERROR;
				GCC_WARN_UNDECLARED_SELECTOR = YES;
				GCC_WARN_UNINITIALIZED_AUTOS = YES_AGGRESSIVE;
				GCC_WARN_UNUSED_FUNCTION = YES;
				GCC_WARN_UNUSED_VARIABLE = YES;
				MACOSX_DEPLOYMENT_TARGET = 11.5;
				MTL_ENABLE_DEBUG_INFO = INCLUDE_SOURCE;
				MTL_FAST_MATH = YES;
				ONLY_ACTIVE_ARCH = YES;
				SDKROOT = macosx;
				SWIFT_ACTIVE_COMPILATION_CONDITIONS = DEBUG;
				SWIFT_OPTIMIZATION_LEVEL = "-Onone";
			};
			name = Debug;
		};
		D828C8E4296C25940017BF51 /* Release */ = {
			isa = XCBuildConfiguration;
			buildSettings = {
				ALWAYS_SEARCH_USER_PATHS = NO;
				CLANG_ANALYZER_NONNULL = YES;
				CLANG_ANALYZER_NUMBER_OBJECT_CONVERSION = YES_AGGRESSIVE;
				CLANG_CXX_LANGUAGE_STANDARD = "gnu++20";
				CLANG_ENABLE_MODULES = YES;
				CLANG_ENABLE_OBJC_ARC = YES;
				CLANG_ENABLE_OBJC_WEAK = YES;
				CLANG_WARN_BLOCK_CAPTURE_AUTORELEASING = YES;
				CLANG_WARN_BOOL_CONVERSION = YES;
				CLANG_WARN_COMMA = YES;
				CLANG_WARN_CONSTANT_CONVERSION = YES;
				CLANG_WARN_DEPRECATED_OBJC_IMPLEMENTATIONS = YES;
				CLANG_WARN_DIRECT_OBJC_ISA_USAGE = YES_ERROR;
				CLANG_WARN_DOCUMENTATION_COMMENTS = YES;
				CLANG_WARN_EMPTY_BODY = YES;
				CLANG_WARN_ENUM_CONVERSION = YES;
				CLANG_WARN_INFINITE_RECURSION = YES;
				CLANG_WARN_INT_CONVERSION = YES;
				CLANG_WARN_NON_LITERAL_NULL_CONVERSION = YES;
				CLANG_WARN_OBJC_IMPLICIT_RETAIN_SELF = YES;
				CLANG_WARN_OBJC_LITERAL_CONVERSION = YES;
				CLANG_WARN_OBJC_ROOT_CLASS = YES_ERROR;
				CLANG_WARN_QUOTED_INCLUDE_IN_FRAMEWORK_HEADER = YES;
				CLANG_WARN_RANGE_LOOP_ANALYSIS = YES;
				CLANG_WARN_STRICT_PROTOTYPES = YES;
				CLANG_WARN_SUSPICIOUS_MOVE = YES;
				CLANG_WARN_UNGUARDED_AVAILABILITY = YES_AGGRESSIVE;
				CLANG_WARN_UNREACHABLE_CODE = YES;
				CLANG_WARN__DUPLICATE_METHOD_MATCH = YES;
				COPY_PHASE_STRIP = NO;
				DEAD_CODE_STRIPPING = YES;
				DEBUG_INFORMATION_FORMAT = "dwarf-with-dsym";
				ENABLE_NS_ASSERTIONS = NO;
				ENABLE_STRICT_OBJC_MSGSEND = YES;
				GCC_C_LANGUAGE_STANDARD = gnu11;
				GCC_NO_COMMON_BLOCKS = YES;
				GCC_WARN_64_TO_32_BIT_CONVERSION = YES;
				GCC_WARN_ABOUT_RETURN_TYPE = YES_ERROR;
				GCC_WARN_UNDECLARED_SELECTOR = YES;
				GCC_WARN_UNINITIALIZED_AUTOS = YES_AGGRESSIVE;
				GCC_WARN_UNUSED_FUNCTION = YES;
				GCC_WARN_UNUSED_VARIABLE = YES;
				MACOSX_DEPLOYMENT_TARGET = 11.5;
				MTL_ENABLE_DEBUG_INFO = NO;
				MTL_FAST_MATH = YES;
				SDKROOT = macosx;
				SWIFT_COMPILATION_MODE = wholemodule;
				SWIFT_OPTIMIZATION_LEVEL = "-O";
			};
			name = Release;
		};
		D828C8E6296C25940017BF51 /* Debug */ = {
			isa = XCBuildConfiguration;
			buildSettings = {
				ASSETCATALOG_COMPILER_APPICON_NAME = AppIcon;
				ASSETCATALOG_COMPILER_GLOBAL_ACCENT_COLOR_NAME = AccentColor;
				CLANG_USE_OPTIMIZATION_PROFILE = YES;
				CODE_SIGN_ENTITLEMENTS = ZhiYin/ZhiYin.entitlements;
				CODE_SIGN_IDENTITY = "Apple Development";
				"CODE_SIGN_IDENTITY[sdk=macosx*]" = "Apple Development";
				CODE_SIGN_STYLE = Automatic;
				COMBINE_HIDPI_IMAGES = YES;
				CURRENT_PROJECT_VERSION = 25;
				DEAD_CODE_STRIPPING = YES;
				DEVELOPMENT_ASSET_PATHS = "\"ZhiYin/Preview Content\"";
				DEVELOPMENT_TEAM = 3T73Y2T897;
				ENABLE_HARDENED_RUNTIME = YES;
				ENABLE_PREVIEWS = YES;
				GENERATE_INFOPLIST_FILE = YES;
				INFOPLIST_KEY_CFBundleDisplayName = "不只因";
				INFOPLIST_KEY_LSApplicationCategoryType = "public.app-category.utilities";
				INFOPLIST_KEY_LSUIElement = YES;
				INFOPLIST_KEY_NSHumanReadableCopyright = "";
				LD_RUNPATH_SEARCH_PATHS = (
					"$(inherited)",
					"@executable_path/../Frameworks",
				);
				MACOSX_DEPLOYMENT_TARGET = 11.5;
				MARKETING_VERSION = 2.0.0;
				PRODUCT_BUNDLE_IDENTIFIER = studio.xclz.BuZhiYin;
				PRODUCT_NAME = "$(TARGET_NAME)";
				PROVISIONING_PROFILE_SPECIFIER = "";
				SWIFT_EMIT_LOC_STRINGS = YES;
				SWIFT_VERSION = 5.0;
			};
			name = Debug;
		};
		D828C8E7296C25940017BF51 /* Release */ = {
			isa = XCBuildConfiguration;
			buildSettings = {
				ASSETCATALOG_COMPILER_APPICON_NAME = AppIcon;
				ASSETCATALOG_COMPILER_GLOBAL_ACCENT_COLOR_NAME = AccentColor;
				CLANG_USE_OPTIMIZATION_PROFILE = YES;
				CODE_SIGN_ENTITLEMENTS = ZhiYin/ZhiYin.entitlements;
				CODE_SIGN_IDENTITY = "Apple Development";
				"CODE_SIGN_IDENTITY[sdk=macosx*]" = "Apple Development";
				CODE_SIGN_STYLE = Automatic;
				COMBINE_HIDPI_IMAGES = YES;
				CURRENT_PROJECT_VERSION = 25;
				DEAD_CODE_STRIPPING = YES;
				DEVELOPMENT_ASSET_PATHS = "\"ZhiYin/Preview Content\"";
				DEVELOPMENT_TEAM = 3T73Y2T897;
				ENABLE_HARDENED_RUNTIME = YES;
				ENABLE_PREVIEWS = YES;
				GENERATE_INFOPLIST_FILE = YES;
				INFOPLIST_KEY_CFBundleDisplayName = "不只因";
				INFOPLIST_KEY_LSApplicationCategoryType = "public.app-category.utilities";
				INFOPLIST_KEY_LSUIElement = YES;
				INFOPLIST_KEY_NSHumanReadableCopyright = "";
				LD_RUNPATH_SEARCH_PATHS = (
					"$(inherited)",
					"@executable_path/../Frameworks",
				);
				MACOSX_DEPLOYMENT_TARGET = 11.5;
				MARKETING_VERSION = 2.0.0;
				PRODUCT_BUNDLE_IDENTIFIER = studio.xclz.BuZhiYin;
				PRODUCT_NAME = "$(TARGET_NAME)";
				PROVISIONING_PROFILE_SPECIFIER = "";
				SWIFT_EMIT_LOC_STRINGS = YES;
				SWIFT_VERSION = 5.0;
			};
			name = Release;
		};
/* End XCBuildConfiguration section */

/* Begin XCConfigurationList section */
		D828C8D1296C25920017BF51 /* Build configuration list for PBXProject "BuZhiYin" */ = {
			isa = XCConfigurationList;
			buildConfigurations = (
				D828C8E3296C25940017BF51 /* Debug */,
				D828C8E4296C25940017BF51 /* Release */,
			);
			defaultConfigurationIsVisible = 0;
			defaultConfigurationName = Release;
		};
		D828C8E5296C25940017BF51 /* Build configuration list for PBXNativeTarget "BuZhiYin" */ = {
			isa = XCConfigurationList;
			buildConfigurations = (
				D828C8E6296C25940017BF51 /* Debug */,
				D828C8E7296C25940017BF51 /* Release */,
			);
			defaultConfigurationIsVisible = 0;
			defaultConfigurationName = Release;
		};
/* End XCConfigurationList section */

/* Begin XCRemoteSwiftPackageReference section */
		4500DC2729C2F22B00E745D1 /* XCRemoteSwiftPackageReference "LaunchAtLogin" */ = {
			isa = XCRemoteSwiftPackageReference;
			repositoryURL = "https://github.com/sindresorhus/LaunchAtLogin";
			requirement = {
				branch = main;
				kind = branch;
			};
		};
/* End XCRemoteSwiftPackageReference section */

/* Begin XCSwiftPackageProductDependency section */
		4500DC2829C2F22B00E745D1 /* LaunchAtLogin */ = {
			isa = XCSwiftPackageProductDependency;
			package = 4500DC2729C2F22B00E745D1 /* XCRemoteSwiftPackageReference "LaunchAtLogin" */;
			productName = LaunchAtLogin;
		};
/* End XCSwiftPackageProductDependency section */

/* Begin XCVersionGroup section */
		4530F016299E9D910056556E /* ZhiYins.xcdatamodeld */ = {
			isa = XCVersionGroup;
			children = (
				4530F017299E9D910056556E /* ZhiYins.xcdatamodel */,
			);
			currentVersion = 4530F017299E9D910056556E /* ZhiYins.xcdatamodel */;
			path = ZhiYins.xcdatamodeld;
			sourceTree = "<group>";
			versionGroupType = wrapper.xcdatamodel;
		};
/* End XCVersionGroup section */
	};
	rootObject = D828C8CE296C25920017BF51 /* Project object */;
}
